
Microsoft Visual Studio Solution File, Format Version 12.00
# Visual Studio Version 17
VisualStudioVersion = 17.0.31903.59
MinimumVisualStudioVersion = 10.0.40219.1
Project("{9A19103F-16F7-4668-BE54-9A1E7A4F7556}") = "gms", "gms\gms.csproj", "{105A2925-B188-4DA5-8B8D-859BC11731E1}"
EndProject
Project("{9A19103F-16F7-4668-BE54-9A1E7A4F7556}") = "gms.lib", "gms.lib\gms.lib.csproj", "{1842CCDE-693D-41A6-B0B7-53DCF220AC68}"
EndProject
Project("{9A19103F-16F7-4668-BE54-9A1E7A4F7556}") = "gms.tests", "gms.tests\gms.tests.csproj", "{F4AE8971-1E21-4DA2-A567-94A834CDEABA}"
EndProject
Global
	GlobalSection(SolutionConfigurationPlatforms) = preSolution
		Debug|Any CPU = Debug|Any CPU
		Release|Any CPU = Release|Any CPU
	EndGlobalSection
	GlobalSection(ProjectConfigurationPlatforms) = postSolution
		{105A2925-B188-4DA5-8B8D-859BC11731E1}.Debug|Any CPU.ActiveCfg = Debug|Any CPU
		{105A2925-B188-4DA5-8B8D-859BC11731E1}.Debug|Any CPU.Build.0 = Debug|Any CPU
		{105A2925-B188-4DA5-8B8D-859BC11731E1}.Release|Any CPU.ActiveCfg = Release|Any CPU
		{105A2925-B188-4DA5-8B8D-859BC11731E1}.Release|Any CPU.Build.0 = Release|Any CPU
		{1842CCDE-693D-41A6-B0B7-53DCF220AC68}.Debug|Any CPU.ActiveCfg = Debug|Any CPU
		{1842CCDE-693D-41A6-B0B7-53DCF220AC68}.Debug|Any CPU.Build.0 = Debug|Any CPU
		{1842CCDE-693D-41A6-B0B7-53DCF220AC68}.Release|Any CPU.ActiveCfg = Release|Any CPU
		{1842CCDE-693D-41A6-B0B7-53DCF220AC68}.Release|Any CPU.Build.0 = Release|Any CPU
		{F4AE8971-1E21-4DA2-A567-94A834CDEABA}.Debug|Any CPU.ActiveCfg = Debug|Any CPU
		{F4AE8971-1E21-4DA2-A567-94A834CDEABA}.Debug|Any CPU.Build.0 = Debug|Any CPU
		{F4AE8971-1E21-4DA2-A567-94A834CDEABA}.Release|Any CPU.ActiveCfg = Release|Any CPU
		{F4AE8971-1E21-4DA2-A567-94A834CDEABA}.Release|Any CPU.Build.0 = Release|Any CPU
	EndGlobalSection
	GlobalSection(SolutionProperties) = preSolution
		HideSolutionNode = FALSE
	EndGlobalSection
	GlobalSection(ExtensibilityGlobals) = postSolution
		SolutionGuid = {1015A93A-DEF6-4EB5-959A-B17C80062D29}
	EndGlobalSection
EndGlobal
